
Microsoft Visual Studio Solution File, Format Version 12.00
# Visual Studio Version 17
VisualStudioVersion = 17.5.002.0
MinimumVisualStudioVersion = 10.0.40219.1
Project("{9A19103F-16F7-4668-BE54-9A1E7A4F7556}") = "Fallout4_Position", "Fallout4_Position.csproj", "{9D78FFD8-DF30-479F-93B4-E775AF815B54}"
EndProject
Global
	GlobalSection(SolutionConfigurationPlatforms) = preSolution
		Debug|Any CPU = Debug|Any CPU
		Release|Any CPU = Release|Any CPU
	EndGlobalSection
	GlobalSection(ProjectConfigurationPlatforms) = postSolution
		{9D78FFD8-DF30-479F-93B4-E775AF815B54}.Debug|Any CPU.ActiveCfg = Debug|Any CPU
		{9D78FFD8-DF30-479F-93B4-E775AF815B54}.Debug|Any CPU.Build.0 = Debug|Any CPU
		{9D78FFD8-DF30-479F-93B4-E775AF815B54}.Release|Any CPU.ActiveCfg = Release|Any CPU
		{9D78FFD8-DF30-479F-93B4-E775AF815B54}.Release|Any CPU.Build.0 = Release|Any CPU
	EndGlobalSection
	GlobalSection(SolutionProperties) = preSolution
		HideSolutionNode = FALSE
	EndGlobalSection
	GlobalSection(ExtensibilityGlobals) = postSolution
		SolutionGuid = {960F9332-F357-47D4-BE47-6CC7E6E1C2C8}
	EndGlobalSection
EndGlobal
