
Microsoft Visual Studio Solution File, Format Version 12.00
# Visual Studio Version 17
VisualStudioVersion = 17.8.34511.84
MinimumVisualStudioVersion = 10.0.40219.1
Project("{FAE04EC0-301F-11D3-BF4B-00C04F79EFBC}") = "Fallout4_Position", "Fallout4_Position\Fallout4_Position.csproj", "{66669F5F-882F-4A4D-850A-84348F47DAFE}"
EndProject
Global
	GlobalSection(SolutionConfigurationPlatforms) = preSolution
		Debug|Any CPU = Debug|Any CPU
		Release|Any CPU = Release|Any CPU
	EndGlobalSection
	GlobalSection(ProjectConfigurationPlatforms) = postSolution
		{66669F5F-882F-4A4D-850A-84348F47DAFE}.Debug|Any CPU.ActiveCfg = Debug|Any CPU
		{66669F5F-882F-4A4D-850A-84348F47DAFE}.Debug|Any CPU.Build.0 = Debug|Any CPU
		{66669F5F-882F-4A4D-850A-84348F47DAFE}.Release|Any CPU.ActiveCfg = Release|Any CPU
		{66669F5F-882F-4A4D-850A-84348F47DAFE}.Release|Any CPU.Build.0 = Release|Any CPU
	EndGlobalSection
	GlobalSection(SolutionProperties) = preSolution
		HideSolutionNode = FALSE
	EndGlobalSection
	GlobalSection(ExtensibilityGlobals) = postSolution
		SolutionGuid = {760FB9C5-14E9-405E-9074-DBCA7AD5E267}
	EndGlobalSection
EndGlobal
